
Microsoft Visual Studio Solution File, Format Version 12.00
# Blend for Visual Studio Version 16
VisualStudioVersion = 16.0.29920.165
MinimumVisualStudioVersion = 10.0.40219.1
Project("{FAE04EC0-301F-11D3-BF4B-00C04F79EFBC}") = "Bibliothèquedejeux", "Bibliothèquedejeux.csproj", "{9685C33D-2DE9-48E3-8776-6B0ED13CBBE1}"
EndProject
Project("{FAE04EC0-301F-11D3-BF4B-00C04F79EFBC}") = "Library", "..\Library\Library.csproj", "{76C54773-4E4F-489D-B8B2-ECECD55B03F1}"
EndProject
Project("{FAE04EC0-301F-11D3-BF4B-00C04F79EFBC}") = "WpfBibliothèquedejeux", "..\WpfBibliothèquedejeux\WpfBibliothèquedejeux.csproj", "{C143E628-DF3F-4CEE-8900-009AD00DB85B}"
EndProject
Global
	GlobalSection(SolutionConfigurationPlatforms) = preSolution
		Debug|Any CPU = Debug|Any CPU
		Release|Any CPU = Release|Any CPU
	EndGlobalSection
	GlobalSection(ProjectConfigurationPlatforms) = postSolution
		{9685C33D-2DE9-48E3-8776-6B0ED13CBBE1}.Debug|Any CPU.ActiveCfg = Debug|Any CPU
		{9685C33D-2DE9-48E3-8776-6B0ED13CBBE1}.Debug|Any CPU.Build.0 = Debug|Any CPU
		{9685C33D-2DE9-48E3-8776-6B0ED13CBBE1}.Release|Any CPU.ActiveCfg = Release|Any CPU
		{9685C33D-2DE9-48E3-8776-6B0ED13CBBE1}.Release|Any CPU.Build.0 = Release|Any CPU
		{76C54773-4E4F-489D-B8B2-ECECD55B03F1}.Debug|Any CPU.ActiveCfg = Debug|Any CPU
		{76C54773-4E4F-489D-B8B2-ECECD55B03F1}.Debug|Any CPU.Build.0 = Debug|Any CPU
		{76C54773-4E4F-489D-B8B2-ECECD55B03F1}.Release|Any CPU.ActiveCfg = Release|Any CPU
		{76C54773-4E4F-489D-B8B2-ECECD55B03F1}.Release|Any CPU.Build.0 = Release|Any CPU
		{C143E628-DF3F-4CEE-8900-009AD00DB85B}.Debug|Any CPU.ActiveCfg = Debug|Any CPU
		{C143E628-DF3F-4CEE-8900-009AD00DB85B}.Debug|Any CPU.Build.0 = Debug|Any CPU
		{C143E628-DF3F-4CEE-8900-009AD00DB85B}.Release|Any CPU.ActiveCfg = Release|Any CPU
		{C143E628-DF3F-4CEE-8900-009AD00DB85B}.Release|Any CPU.Build.0 = Release|Any CPU
	EndGlobalSection
	GlobalSection(SolutionProperties) = preSolution
		HideSolutionNode = FALSE
	EndGlobalSection
	GlobalSection(ExtensibilityGlobals) = postSolution
		SolutionGuid = {35BFEE82-A084-44DE-8F4E-3B0E91BD4FC4}
	EndGlobalSection
EndGlobal
